
Microsoft Visual Studio Solution File, Format Version 12.00
# Visual Studio Version 17
VisualStudioVersion = 17.10.35027.167
MinimumVisualStudioVersion = 10.0.40219.1
Project("{9A19103F-16F7-4668-BE54-9A1E7A4F7556}") = "DAL", "MVCProject\DAL.csproj", "{D115E1C2-72BB-455C-8322-0009F86BCDCE}"
EndProject
Project("{9A19103F-16F7-4668-BE54-9A1E7A4F7556}") = "BL", "BL\BL.csproj", "{D6EAC8D4-91C3-44B4-8D35-CBF7680BFC71}"
EndProject
Project("{9A19103F-16F7-4668-BE54-9A1E7A4F7556}") = "Server", "Server\Server.csproj", "{D0CBC225-357B-4B6B-A470-A1F14C0ED79D}"
EndProject
Project("{2150E333-8FDC-42A3-9474-1A3956D46DE8}") = "Solution Items", "Solution Items", "{60475F59-2863-49AB-9752-4B6150321831}"
	ProjectSection(SolutionItems) = preProject
		.gitignore = .gitignore
	EndProjectSection
EndProject
Global
	GlobalSection(SolutionConfigurationPlatforms) = preSolution
		Debug|Any CPU = Debug|Any CPU
		Release|Any CPU = Release|Any CPU
	EndGlobalSection
	GlobalSection(ProjectConfigurationPlatforms) = postSolution
		{D115E1C2-72BB-455C-8322-0009F86BCDCE}.Debug|Any CPU.ActiveCfg = Debug|Any CPU
		{D115E1C2-72BB-455C-8322-0009F86BCDCE}.Debug|Any CPU.Build.0 = Debug|Any CPU
		{D115E1C2-72BB-455C-8322-0009F86BCDCE}.Release|Any CPU.ActiveCfg = Release|Any CPU
		{D115E1C2-72BB-455C-8322-0009F86BCDCE}.Release|Any CPU.Build.0 = Release|Any CPU
		{D6EAC8D4-91C3-44B4-8D35-CBF7680BFC71}.Debug|Any CPU.ActiveCfg = Debug|Any CPU
		{D6EAC8D4-91C3-44B4-8D35-CBF7680BFC71}.Debug|Any CPU.Build.0 = Debug|Any CPU
		{D6EAC8D4-91C3-44B4-8D35-CBF7680BFC71}.Release|Any CPU.ActiveCfg = Release|Any CPU
		{D6EAC8D4-91C3-44B4-8D35-CBF7680BFC71}.Release|Any CPU.Build.0 = Release|Any CPU
		{D0CBC225-357B-4B6B-A470-A1F14C0ED79D}.Debug|Any CPU.ActiveCfg = Debug|Any CPU
		{D0CBC225-357B-4B6B-A470-A1F14C0ED79D}.Debug|Any CPU.Build.0 = Debug|Any CPU
		{D0CBC225-357B-4B6B-A470-A1F14C0ED79D}.Release|Any CPU.ActiveCfg = Release|Any CPU
		{D0CBC225-357B-4B6B-A470-A1F14C0ED79D}.Release|Any CPU.Build.0 = Release|Any CPU
	EndGlobalSection
	GlobalSection(SolutionProperties) = preSolution
		HideSolutionNode = FALSE
	EndGlobalSection
	GlobalSection(ExtensibilityGlobals) = postSolution
		SolutionGuid = {AD5CBEEC-1CDD-4805-AA89-4E62014684B4}
	EndGlobalSection
EndGlobal
